
Microsoft Visual Studio Solution File, Format Version 12.00
# Visual Studio 2013
Project("{FAE04EC0-301F-11D3-BF4B-00C04F79EFBC}") = "BonaTileEditor.CSharp", "BonaTileEditor.CSharp.csproj", "{86A5AE6B-EDCB-08A1-D75F-C0AA99681844}"
EndProject
Project("{FAE04EC0-301F-11D3-BF4B-00C04F79EFBC}") = "BonaTileEditor.CSharp.Editor", "BonaTileEditor.CSharp.Editor.csproj", "{9EA9D338-D5BC-95B4-90F3-5DCF189A1469}"
EndProject
Global
	GlobalSection(SolutionConfigurationPlatforms) = preSolution
		Debug|Any CPU = Debug|Any CPU
		Release|Any CPU = Release|Any CPU
	EndGlobalSection
	GlobalSection(ProjectConfigurationPlatforms) = postSolution
		{86A5AE6B-EDCB-08A1-D75F-C0AA99681844}.Debug|Any CPU.ActiveCfg = Debug|Any CPU
		{86A5AE6B-EDCB-08A1-D75F-C0AA99681844}.Debug|Any CPU.Build.0 = Debug|Any CPU
		{86A5AE6B-EDCB-08A1-D75F-C0AA99681844}.Release|Any CPU.ActiveCfg = Release|Any CPU
		{86A5AE6B-EDCB-08A1-D75F-C0AA99681844}.Release|Any CPU.Build.0 = Release|Any CPU
		{9EA9D338-D5BC-95B4-90F3-5DCF189A1469}.Debug|Any CPU.ActiveCfg = Debug|Any CPU
		{9EA9D338-D5BC-95B4-90F3-5DCF189A1469}.Debug|Any CPU.Build.0 = Debug|Any CPU
		{9EA9D338-D5BC-95B4-90F3-5DCF189A1469}.Release|Any CPU.ActiveCfg = Release|Any CPU
		{9EA9D338-D5BC-95B4-90F3-5DCF189A1469}.Release|Any CPU.Build.0 = Release|Any CPU
	EndGlobalSection
	GlobalSection(SolutionProperties) = preSolution
		HideSolutionNode = FALSE
	EndGlobalSection
EndGlobal
